
Microsoft Visual Studio Solution File, Format Version 12.00
# Visual Studio Version 17
VisualStudioVersion = 17.1.32228.430
MinimumVisualStudioVersion = 10.0.40219.1
Project("{FAE04EC0-301F-11D3-BF4B-00C04F79EFBC}") = "IntranetWebApi", "IntranetWebApi\IntranetWebApi.csproj", "{B83CC9FB-12A5-4B0C-B422-15A9FED5F105}"
EndProject
Global
	GlobalSection(SolutionConfigurationPlatforms) = preSolution
		Debug|Any CPU = Debug|Any CPU
		Release|Any CPU = Release|Any CPU
	EndGlobalSection
	GlobalSection(ProjectConfigurationPlatforms) = postSolution
		{B83CC9FB-12A5-4B0C-B422-15A9FED5F105}.Debug|Any CPU.ActiveCfg = Debug|Any CPU
		{B83CC9FB-12A5-4B0C-B422-15A9FED5F105}.Debug|Any CPU.Build.0 = Debug|Any CPU
		{B83CC9FB-12A5-4B0C-B422-15A9FED5F105}.Release|Any CPU.ActiveCfg = Release|Any CPU
		{B83CC9FB-12A5-4B0C-B422-15A9FED5F105}.Release|Any CPU.Build.0 = Release|Any CPU
	EndGlobalSection
	GlobalSection(SolutionProperties) = preSolution
		HideSolutionNode = FALSE
	EndGlobalSection
	GlobalSection(ExtensibilityGlobals) = postSolution
		SolutionGuid = {FF18D466-5AAA-4EAD-8817-CDC93DA9F23C}
	EndGlobalSection
EndGlobal
